
Microsoft Visual Studio Solution File, Format Version 12.00
# Visual Studio Version 17
VisualStudioVersion = 17.11.35222.181
MinimumVisualStudioVersion = 10.0.40219.1
Project("{9A19103F-16F7-4668-BE54-9A1E7A4F7556}") = "FKsCRE", "FKsCRE.csproj", "{2C48B4B5-67DC-446A-B5D4-B5133BBDC0AC}"
EndProject
Global
	GlobalSection(SolutionConfigurationPlatforms) = preSolution
		Debug|Any CPU = Debug|Any CPU
		Release|Any CPU = Release|Any CPU
	EndGlobalSection
	GlobalSection(ProjectConfigurationPlatforms) = postSolution
		{2C48B4B5-67DC-446A-B5D4-B5133BBDC0AC}.Debug|Any CPU.ActiveCfg = Debug|Any CPU
		{2C48B4B5-67DC-446A-B5D4-B5133BBDC0AC}.Debug|Any CPU.Build.0 = Debug|Any CPU
		{2C48B4B5-67DC-446A-B5D4-B5133BBDC0AC}.Release|Any CPU.ActiveCfg = Release|Any CPU
		{2C48B4B5-67DC-446A-B5D4-B5133BBDC0AC}.Release|Any CPU.Build.0 = Release|Any CPU
	EndGlobalSection
	GlobalSection(SolutionProperties) = preSolution
		HideSolutionNode = FALSE
	EndGlobalSection
	GlobalSection(ExtensibilityGlobals) = postSolution
		SolutionGuid = {7B5CAD8E-FB68-4F37-AE73-91669E5CA5D2}
	EndGlobalSection
EndGlobal
